
Microsoft Visual Studio Solution File, Format Version 12.00
# Visual Studio 15
Project("{FAE04EC0-301F-11D3-BF4B-00C04F79EFBC}") = "M.OBD.2.Android", "M.OBD.2.Android\M.OBD.2.Android.csproj", "{0E5AD1F0-3713-4733-B50A-E68CC540F077}"
EndProject
Project("{FAE04EC0-301F-11D3-BF4B-00C04F79EFBC}") = "M.OBD.2.iOS", "M.OBD.2.iOS\M.OBD.2.iOS.csproj", "{38F5A8DC-9A76-486D-90C3-D0B9830866D3}"
EndProject
Project("{FAE04EC0-301F-11D3-BF4B-00C04F79EFBC}") = "M.OBD.2", "M.OBD.2\M.OBD.2.csproj", "{7962B355-CAF8-446F-9ECD-494BC89CAFBC}"
EndProject
Global
	GlobalSection(SolutionConfigurationPlatforms) = preSolution
		Debug|Any CPU = Debug|Any CPU
		Release|Any CPU = Release|Any CPU
		Debug|iPhoneSimulator = Debug|iPhoneSimulator
		Release|iPhoneSimulator = Release|iPhoneSimulator
		Debug|iPhone = Debug|iPhone
		Release|iPhone = Release|iPhone
	EndGlobalSection
	GlobalSection(ProjectConfigurationPlatforms) = postSolution
		{0E5AD1F0-3713-4733-B50A-E68CC540F077}.Debug|Any CPU.ActiveCfg = Debug|Any CPU
		{0E5AD1F0-3713-4733-B50A-E68CC540F077}.Debug|Any CPU.Build.0 = Debug|Any CPU
		{0E5AD1F0-3713-4733-B50A-E68CC540F077}.Release|Any CPU.ActiveCfg = Release|Any CPU
		{0E5AD1F0-3713-4733-B50A-E68CC540F077}.Release|Any CPU.Build.0 = Release|Any CPU
		{0E5AD1F0-3713-4733-B50A-E68CC540F077}.Debug|iPhoneSimulator.ActiveCfg = Debug|Any CPU
		{0E5AD1F0-3713-4733-B50A-E68CC540F077}.Debug|iPhoneSimulator.Build.0 = Debug|Any CPU
		{0E5AD1F0-3713-4733-B50A-E68CC540F077}.Release|iPhoneSimulator.ActiveCfg = Release|Any CPU
		{0E5AD1F0-3713-4733-B50A-E68CC540F077}.Release|iPhoneSimulator.Build.0 = Release|Any CPU
		{0E5AD1F0-3713-4733-B50A-E68CC540F077}.Debug|iPhone.ActiveCfg = Debug|Any CPU
		{0E5AD1F0-3713-4733-B50A-E68CC540F077}.Debug|iPhone.Build.0 = Debug|Any CPU
		{0E5AD1F0-3713-4733-B50A-E68CC540F077}.Release|iPhone.ActiveCfg = Release|Any CPU
		{0E5AD1F0-3713-4733-B50A-E68CC540F077}.Release|iPhone.Build.0 = Release|Any CPU
		{38F5A8DC-9A76-486D-90C3-D0B9830866D3}.Debug|Any CPU.ActiveCfg = Debug|iPhoneSimulator
		{38F5A8DC-9A76-486D-90C3-D0B9830866D3}.Debug|Any CPU.Build.0 = Debug|iPhoneSimulator
		{38F5A8DC-9A76-486D-90C3-D0B9830866D3}.Release|Any CPU.ActiveCfg = Release|iPhoneSimulator
		{38F5A8DC-9A76-486D-90C3-D0B9830866D3}.Release|Any CPU.Build.0 = Release|iPhoneSimulator
		{38F5A8DC-9A76-486D-90C3-D0B9830866D3}.Debug|iPhoneSimulator.ActiveCfg = Debug|iPhoneSimulator
		{38F5A8DC-9A76-486D-90C3-D0B9830866D3}.Debug|iPhoneSimulator.Build.0 = Debug|iPhoneSimulator
		{38F5A8DC-9A76-486D-90C3-D0B9830866D3}.Release|iPhoneSimulator.ActiveCfg = Release|iPhoneSimulator
		{38F5A8DC-9A76-486D-90C3-D0B9830866D3}.Release|iPhoneSimulator.Build.0 = Release|iPhoneSimulator
		{38F5A8DC-9A76-486D-90C3-D0B9830866D3}.Debug|iPhone.ActiveCfg = Debug|iPhone
		{38F5A8DC-9A76-486D-90C3-D0B9830866D3}.Debug|iPhone.Build.0 = Debug|iPhone
		{38F5A8DC-9A76-486D-90C3-D0B9830866D3}.Release|iPhone.ActiveCfg = Release|iPhone
		{38F5A8DC-9A76-486D-90C3-D0B9830866D3}.Release|iPhone.Build.0 = Release|iPhone
		{7962B355-CAF8-446F-9ECD-494BC89CAFBC}.Debug|Any CPU.ActiveCfg = Debug|Any CPU
		{7962B355-CAF8-446F-9ECD-494BC89CAFBC}.Debug|Any CPU.Build.0 = Debug|Any CPU
		{7962B355-CAF8-446F-9ECD-494BC89CAFBC}.Release|Any CPU.ActiveCfg = Release|Any CPU
		{7962B355-CAF8-446F-9ECD-494BC89CAFBC}.Release|Any CPU.Build.0 = Release|Any CPU
		{7962B355-CAF8-446F-9ECD-494BC89CAFBC}.Debug|iPhoneSimulator.ActiveCfg = Debug|Any CPU
		{7962B355-CAF8-446F-9ECD-494BC89CAFBC}.Debug|iPhoneSimulator.Build.0 = Debug|Any CPU
		{7962B355-CAF8-446F-9ECD-494BC89CAFBC}.Release|iPhoneSimulator.ActiveCfg = Release|Any CPU
		{7962B355-CAF8-446F-9ECD-494BC89CAFBC}.Release|iPhoneSimulator.Build.0 = Release|Any CPU
		{7962B355-CAF8-446F-9ECD-494BC89CAFBC}.Debug|iPhone.ActiveCfg = Debug|Any CPU
		{7962B355-CAF8-446F-9ECD-494BC89CAFBC}.Debug|iPhone.Build.0 = Debug|Any CPU
		{7962B355-CAF8-446F-9ECD-494BC89CAFBC}.Release|iPhone.ActiveCfg = Release|Any CPU
		{7962B355-CAF8-446F-9ECD-494BC89CAFBC}.Release|iPhone.Build.0 = Release|Any CPU
	EndGlobalSection
EndGlobal
